
Microsoft Visual Studio Solution File, Format Version 12.00
# Visual Studio 15
VisualStudioVersion = 15.0.26403.3
MinimumVisualStudioVersion = 10.0.40219.1
Project("{FAE04EC0-301F-11D3-BF4B-00C04F79EFBC}") = "YksMC.Protocol", "YksMC.MCProtocol\YksMC.Protocol.csproj", "{35193D03-EE33-492F-BEB2-3AC0213592C5}"
EndProject
Project("{FAE04EC0-301F-11D3-BF4B-00C04F79EFBC}") = "YksMc.MCProtocol.Tests", "YksMc.MCProtocol.Tests\YksMc.MCProtocol.Tests.csproj", "{E593819C-0BE6-4DCA-9FEC-4A22749F4166}"
EndProject
Project("{FAE04EC0-301F-11D3-BF4B-00C04F79EFBC}") = "YksMc.MCProtocol.IntegrationTests", "YksMc.MCProtocol.IntegrationTests\YksMc.MCProtocol.IntegrationTests.csproj", "{591402E7-FAA5-4204-8265-7AB59B89B73D}"
EndProject
Global
	GlobalSection(SolutionConfigurationPlatforms) = preSolution
		Debug|Any CPU = Debug|Any CPU
		Release|Any CPU = Release|Any CPU
	EndGlobalSection
	GlobalSection(ProjectConfigurationPlatforms) = postSolution
		{35193D03-EE33-492F-BEB2-3AC0213592C5}.Debug|Any CPU.ActiveCfg = Debug|Any CPU
		{35193D03-EE33-492F-BEB2-3AC0213592C5}.Debug|Any CPU.Build.0 = Debug|Any CPU
		{35193D03-EE33-492F-BEB2-3AC0213592C5}.Release|Any CPU.ActiveCfg = Release|Any CPU
		{35193D03-EE33-492F-BEB2-3AC0213592C5}.Release|Any CPU.Build.0 = Release|Any CPU
		{E593819C-0BE6-4DCA-9FEC-4A22749F4166}.Debug|Any CPU.ActiveCfg = Debug|Any CPU
		{E593819C-0BE6-4DCA-9FEC-4A22749F4166}.Debug|Any CPU.Build.0 = Debug|Any CPU
		{E593819C-0BE6-4DCA-9FEC-4A22749F4166}.Release|Any CPU.ActiveCfg = Release|Any CPU
		{E593819C-0BE6-4DCA-9FEC-4A22749F4166}.Release|Any CPU.Build.0 = Release|Any CPU
		{591402E7-FAA5-4204-8265-7AB59B89B73D}.Debug|Any CPU.ActiveCfg = Debug|Any CPU
		{591402E7-FAA5-4204-8265-7AB59B89B73D}.Debug|Any CPU.Build.0 = Debug|Any CPU
		{591402E7-FAA5-4204-8265-7AB59B89B73D}.Release|Any CPU.ActiveCfg = Release|Any CPU
		{591402E7-FAA5-4204-8265-7AB59B89B73D}.Release|Any CPU.Build.0 = Release|Any CPU
	EndGlobalSection
	GlobalSection(SolutionProperties) = preSolution
		HideSolutionNode = FALSE
	EndGlobalSection
EndGlobal
