
Microsoft Visual Studio Solution File, Format Version 12.00
# Visual Studio 15
VisualStudioVersion = 15.0.26403.3
MinimumVisualStudioVersion = 10.0.40219.1
Project("{FAE04EC0-301F-11D3-BF4B-00C04F79EFBC}") = "YksMC.Clients", "YksMC.Clients\YksMC.Clients.csproj", "{4D025B90-C298-410A-BE7A-E7D0B4210531}"
EndProject
Project("{9A19103F-16F7-4668-BE54-9A1E7A4F7556}") = "YksMC.Clients.IntegrationTests", "YksMC.Clients.IntegrationTests\YksMC.Clients.IntegrationTests.csproj", "{C15B74CA-95DC-4372-BCBC-23321F8C7811}"
EndProject
Project("{9A19103F-16F7-4668-BE54-9A1E7A4F7556}") = "YksMC.Protocol", "YksMC.Protocol\YksMC.Protocol.csproj", "{AF3D1402-34D2-4B1F-8263-22DC7D0401FE}"
EndProject
Project("{9A19103F-16F7-4668-BE54-9A1E7A4F7556}") = "YksMC.Protocol.Tests", "YksMC.Protocol.Tests\YksMC.Protocol.Tests.csproj", "{A5B425CF-71A5-4B66-B4FC-A69369C8F3B1}"
EndProject
Global
	GlobalSection(SolutionConfigurationPlatforms) = preSolution
		Debug|Any CPU = Debug|Any CPU
		Release|Any CPU = Release|Any CPU
	EndGlobalSection
	GlobalSection(ProjectConfigurationPlatforms) = postSolution
		{4D025B90-C298-410A-BE7A-E7D0B4210531}.Debug|Any CPU.ActiveCfg = Debug|Any CPU
		{4D025B90-C298-410A-BE7A-E7D0B4210531}.Debug|Any CPU.Build.0 = Debug|Any CPU
		{4D025B90-C298-410A-BE7A-E7D0B4210531}.Release|Any CPU.ActiveCfg = Release|Any CPU
		{4D025B90-C298-410A-BE7A-E7D0B4210531}.Release|Any CPU.Build.0 = Release|Any CPU
		{C15B74CA-95DC-4372-BCBC-23321F8C7811}.Debug|Any CPU.ActiveCfg = Debug|Any CPU
		{C15B74CA-95DC-4372-BCBC-23321F8C7811}.Debug|Any CPU.Build.0 = Debug|Any CPU
		{C15B74CA-95DC-4372-BCBC-23321F8C7811}.Release|Any CPU.ActiveCfg = Release|Any CPU
		{C15B74CA-95DC-4372-BCBC-23321F8C7811}.Release|Any CPU.Build.0 = Release|Any CPU
		{AF3D1402-34D2-4B1F-8263-22DC7D0401FE}.Debug|Any CPU.ActiveCfg = Debug|Any CPU
		{AF3D1402-34D2-4B1F-8263-22DC7D0401FE}.Debug|Any CPU.Build.0 = Debug|Any CPU
		{AF3D1402-34D2-4B1F-8263-22DC7D0401FE}.Release|Any CPU.ActiveCfg = Release|Any CPU
		{AF3D1402-34D2-4B1F-8263-22DC7D0401FE}.Release|Any CPU.Build.0 = Release|Any CPU
		{A5B425CF-71A5-4B66-B4FC-A69369C8F3B1}.Debug|Any CPU.ActiveCfg = Debug|Any CPU
		{A5B425CF-71A5-4B66-B4FC-A69369C8F3B1}.Debug|Any CPU.Build.0 = Debug|Any CPU
		{A5B425CF-71A5-4B66-B4FC-A69369C8F3B1}.Release|Any CPU.ActiveCfg = Release|Any CPU
		{A5B425CF-71A5-4B66-B4FC-A69369C8F3B1}.Release|Any CPU.Build.0 = Release|Any CPU
	EndGlobalSection
	GlobalSection(SolutionProperties) = preSolution
		HideSolutionNode = FALSE
	EndGlobalSection
EndGlobal
