
Microsoft Visual Studio Solution File, Format Version 12.00
# Visual Studio 15
VisualStudioVersion = 15.0.26730.16
MinimumVisualStudioVersion = 10.0.40219.1
Project("{9A19103F-16F7-4668-BE54-9A1E7A4F7556}") = "YksMC.Protocol", "YksMC.Protocol\YksMC.Protocol.csproj", "{AF3D1402-34D2-4B1F-8263-22DC7D0401FE}"
EndProject
Project("{9A19103F-16F7-4668-BE54-9A1E7A4F7556}") = "YksMC.Protocol.Tests", "YksMC.Protocol.Tests\YksMC.Protocol.Tests.csproj", "{A5B425CF-71A5-4B66-B4FC-A69369C8F3B1}"
EndProject
Project("{2150E333-8FDC-42A3-9474-1A3956D46DE8}") = "Tests", "Tests", "{5A97E652-1320-4214-8C4E-79680CDDD5B3}"
EndProject
Project("{9A19103F-16F7-4668-BE54-9A1E7A4F7556}") = "YksMC.Client.IntegrationTests", "YksMC.Client.IntegrationTests\YksMC.Client.IntegrationTests.csproj", "{4E517E11-DF1A-4C63-BFE5-8063F5ABE449}"
EndProject
Project("{9A19103F-16F7-4668-BE54-9A1E7A4F7556}") = "YksMC.Client.Tests", "YksMC.Client.Tests\YksMC.Client.Tests.csproj", "{CAC6A530-1721-44FE-B5C4-3918F166624C}"
EndProject
Project("{9A19103F-16F7-4668-BE54-9A1E7A4F7556}") = "YksMC.Client", "YksMC.Client\YksMC.Client.csproj", "{AF21F2E8-4376-4C65-A0E9-C64755AE70B9}"
EndProject
Project("{9A19103F-16F7-4668-BE54-9A1E7A4F7556}") = "YksMC.Protocol.Packets", "YksMC.Protocol.Packets\YksMC.Protocol.Packets.csproj", "{53F920CC-EAD3-4631-87B4-F1219EE8D05C}"
EndProject
Project("{9A19103F-16F7-4668-BE54-9A1E7A4F7556}") = "YksMC.Bot", "YksMC.Bot\YksMC.Bot.csproj", "{84BA39F5-3837-409A-9343-8177DC7ACB20}"
EndProject
Project("{9A19103F-16F7-4668-BE54-9A1E7A4F7556}") = "YksMC.Protocol.Nbt", "YksMC.Protocol.Nbt\YksMC.Protocol.Nbt.csproj", "{7DFBAA62-5759-4D5C-98D5-7EC8977AF512}"
EndProject
Project("{9A19103F-16F7-4668-BE54-9A1E7A4F7556}") = "YksMC.Protocol.Nbt.Tests", "YksMC.Protocol.Nbt.Tests\YksMC.Protocol.Nbt.Tests.csproj", "{A4D40972-8E3E-4EEF-9A3C-CC9A4904FD0F}"
EndProject
Project("{9A19103F-16F7-4668-BE54-9A1E7A4F7556}") = "YksMC.Bot.Tests", "YksMC.Bot.Tests\YksMC.Bot.Tests.csproj", "{93744E4A-B7D4-44DB-8144-F5BF9B72FF0F}"
EndProject
Project("{9A19103F-16F7-4668-BE54-9A1E7A4F7556}") = "YksMC.MinecraftModel", "YksMC.MineCraftModel\YksMC.MinecraftModel.csproj", "{5F3ED56A-ED53-40D8-BDF1-64DD0D403F79}"
EndProject
Project("{2150E333-8FDC-42A3-9474-1A3956D46DE8}") = "Data", "Data", "{E5351D9C-9469-41A6-8D01-D2F03914208A}"
EndProject
Project("{FAE04EC0-301F-11D3-BF4B-00C04F79EFBC}") = "YksMC.Data.Json", "YksMC.Data.Json\YksMC.Data.Json.csproj", "{50826C49-9F0D-4555-AC32-B704430FC5D5}"
EndProject
Project("{2150E333-8FDC-42A3-9474-1A3956D46DE8}") = "Core", "Core", "{AA9B8757-0FE2-4462-94EA-E651371F9ED3}"
EndProject
Global
	GlobalSection(SolutionConfigurationPlatforms) = preSolution
		Debug|Any CPU = Debug|Any CPU
		Release|Any CPU = Release|Any CPU
	EndGlobalSection
	GlobalSection(ProjectConfigurationPlatforms) = postSolution
		{AF3D1402-34D2-4B1F-8263-22DC7D0401FE}.Debug|Any CPU.ActiveCfg = Debug|Any CPU
		{AF3D1402-34D2-4B1F-8263-22DC7D0401FE}.Debug|Any CPU.Build.0 = Debug|Any CPU
		{AF3D1402-34D2-4B1F-8263-22DC7D0401FE}.Release|Any CPU.ActiveCfg = Release|Any CPU
		{AF3D1402-34D2-4B1F-8263-22DC7D0401FE}.Release|Any CPU.Build.0 = Release|Any CPU
		{A5B425CF-71A5-4B66-B4FC-A69369C8F3B1}.Debug|Any CPU.ActiveCfg = Debug|Any CPU
		{A5B425CF-71A5-4B66-B4FC-A69369C8F3B1}.Debug|Any CPU.Build.0 = Debug|Any CPU
		{A5B425CF-71A5-4B66-B4FC-A69369C8F3B1}.Release|Any CPU.ActiveCfg = Release|Any CPU
		{A5B425CF-71A5-4B66-B4FC-A69369C8F3B1}.Release|Any CPU.Build.0 = Release|Any CPU
		{4E517E11-DF1A-4C63-BFE5-8063F5ABE449}.Debug|Any CPU.ActiveCfg = Debug|Any CPU
		{4E517E11-DF1A-4C63-BFE5-8063F5ABE449}.Debug|Any CPU.Build.0 = Debug|Any CPU
		{4E517E11-DF1A-4C63-BFE5-8063F5ABE449}.Release|Any CPU.ActiveCfg = Release|Any CPU
		{4E517E11-DF1A-4C63-BFE5-8063F5ABE449}.Release|Any CPU.Build.0 = Release|Any CPU
		{CAC6A530-1721-44FE-B5C4-3918F166624C}.Debug|Any CPU.ActiveCfg = Debug|Any CPU
		{CAC6A530-1721-44FE-B5C4-3918F166624C}.Debug|Any CPU.Build.0 = Debug|Any CPU
		{CAC6A530-1721-44FE-B5C4-3918F166624C}.Release|Any CPU.ActiveCfg = Release|Any CPU
		{CAC6A530-1721-44FE-B5C4-3918F166624C}.Release|Any CPU.Build.0 = Release|Any CPU
		{AF21F2E8-4376-4C65-A0E9-C64755AE70B9}.Debug|Any CPU.ActiveCfg = Debug|Any CPU
		{AF21F2E8-4376-4C65-A0E9-C64755AE70B9}.Debug|Any CPU.Build.0 = Debug|Any CPU
		{AF21F2E8-4376-4C65-A0E9-C64755AE70B9}.Release|Any CPU.ActiveCfg = Release|Any CPU
		{AF21F2E8-4376-4C65-A0E9-C64755AE70B9}.Release|Any CPU.Build.0 = Release|Any CPU
		{53F920CC-EAD3-4631-87B4-F1219EE8D05C}.Debug|Any CPU.ActiveCfg = Debug|Any CPU
		{53F920CC-EAD3-4631-87B4-F1219EE8D05C}.Debug|Any CPU.Build.0 = Debug|Any CPU
		{53F920CC-EAD3-4631-87B4-F1219EE8D05C}.Release|Any CPU.ActiveCfg = Release|Any CPU
		{53F920CC-EAD3-4631-87B4-F1219EE8D05C}.Release|Any CPU.Build.0 = Release|Any CPU
		{84BA39F5-3837-409A-9343-8177DC7ACB20}.Debug|Any CPU.ActiveCfg = Debug|Any CPU
		{84BA39F5-3837-409A-9343-8177DC7ACB20}.Debug|Any CPU.Build.0 = Debug|Any CPU
		{84BA39F5-3837-409A-9343-8177DC7ACB20}.Release|Any CPU.ActiveCfg = Release|Any CPU
		{84BA39F5-3837-409A-9343-8177DC7ACB20}.Release|Any CPU.Build.0 = Release|Any CPU
		{7DFBAA62-5759-4D5C-98D5-7EC8977AF512}.Debug|Any CPU.ActiveCfg = Debug|Any CPU
		{7DFBAA62-5759-4D5C-98D5-7EC8977AF512}.Debug|Any CPU.Build.0 = Debug|Any CPU
		{7DFBAA62-5759-4D5C-98D5-7EC8977AF512}.Release|Any CPU.ActiveCfg = Release|Any CPU
		{7DFBAA62-5759-4D5C-98D5-7EC8977AF512}.Release|Any CPU.Build.0 = Release|Any CPU
		{A4D40972-8E3E-4EEF-9A3C-CC9A4904FD0F}.Debug|Any CPU.ActiveCfg = Debug|Any CPU
		{A4D40972-8E3E-4EEF-9A3C-CC9A4904FD0F}.Debug|Any CPU.Build.0 = Debug|Any CPU
		{A4D40972-8E3E-4EEF-9A3C-CC9A4904FD0F}.Release|Any CPU.ActiveCfg = Release|Any CPU
		{A4D40972-8E3E-4EEF-9A3C-CC9A4904FD0F}.Release|Any CPU.Build.0 = Release|Any CPU
		{93744E4A-B7D4-44DB-8144-F5BF9B72FF0F}.Debug|Any CPU.ActiveCfg = Debug|Any CPU
		{93744E4A-B7D4-44DB-8144-F5BF9B72FF0F}.Debug|Any CPU.Build.0 = Debug|Any CPU
		{93744E4A-B7D4-44DB-8144-F5BF9B72FF0F}.Release|Any CPU.ActiveCfg = Release|Any CPU
		{93744E4A-B7D4-44DB-8144-F5BF9B72FF0F}.Release|Any CPU.Build.0 = Release|Any CPU
		{5F3ED56A-ED53-40D8-BDF1-64DD0D403F79}.Debug|Any CPU.ActiveCfg = Debug|Any CPU
		{5F3ED56A-ED53-40D8-BDF1-64DD0D403F79}.Debug|Any CPU.Build.0 = Debug|Any CPU
		{5F3ED56A-ED53-40D8-BDF1-64DD0D403F79}.Release|Any CPU.ActiveCfg = Release|Any CPU
		{5F3ED56A-ED53-40D8-BDF1-64DD0D403F79}.Release|Any CPU.Build.0 = Release|Any CPU
		{50826C49-9F0D-4555-AC32-B704430FC5D5}.Debug|Any CPU.ActiveCfg = Debug|Any CPU
		{50826C49-9F0D-4555-AC32-B704430FC5D5}.Debug|Any CPU.Build.0 = Debug|Any CPU
		{50826C49-9F0D-4555-AC32-B704430FC5D5}.Release|Any CPU.ActiveCfg = Release|Any CPU
		{50826C49-9F0D-4555-AC32-B704430FC5D5}.Release|Any CPU.Build.0 = Release|Any CPU
	EndGlobalSection
	GlobalSection(SolutionProperties) = preSolution
		HideSolutionNode = FALSE
	EndGlobalSection
	GlobalSection(NestedProjects) = preSolution
		{AF3D1402-34D2-4B1F-8263-22DC7D0401FE} = {AA9B8757-0FE2-4462-94EA-E651371F9ED3}
		{A5B425CF-71A5-4B66-B4FC-A69369C8F3B1} = {5A97E652-1320-4214-8C4E-79680CDDD5B3}
		{4E517E11-DF1A-4C63-BFE5-8063F5ABE449} = {5A97E652-1320-4214-8C4E-79680CDDD5B3}
		{CAC6A530-1721-44FE-B5C4-3918F166624C} = {5A97E652-1320-4214-8C4E-79680CDDD5B3}
		{AF21F2E8-4376-4C65-A0E9-C64755AE70B9} = {AA9B8757-0FE2-4462-94EA-E651371F9ED3}
		{53F920CC-EAD3-4631-87B4-F1219EE8D05C} = {AA9B8757-0FE2-4462-94EA-E651371F9ED3}
		{84BA39F5-3837-409A-9343-8177DC7ACB20} = {AA9B8757-0FE2-4462-94EA-E651371F9ED3}
		{7DFBAA62-5759-4D5C-98D5-7EC8977AF512} = {AA9B8757-0FE2-4462-94EA-E651371F9ED3}
		{A4D40972-8E3E-4EEF-9A3C-CC9A4904FD0F} = {5A97E652-1320-4214-8C4E-79680CDDD5B3}
		{93744E4A-B7D4-44DB-8144-F5BF9B72FF0F} = {5A97E652-1320-4214-8C4E-79680CDDD5B3}
		{5F3ED56A-ED53-40D8-BDF1-64DD0D403F79} = {AA9B8757-0FE2-4462-94EA-E651371F9ED3}
		{50826C49-9F0D-4555-AC32-B704430FC5D5} = {E5351D9C-9469-41A6-8D01-D2F03914208A}
	EndGlobalSection
	GlobalSection(ExtensibilityGlobals) = postSolution
		SolutionGuid = {4FA9761F-737A-4D6B-A671-97A597B59F3D}
	EndGlobalSection
EndGlobal
